// !$*UTF8*$!
{
	archiveVersion = 1;
	classes = {
	};
	objectVersion = 56;
	objects = {

/* Begin PBXBuildFile section */
		332AE4EE2AC351BB002262E7 /* Game.swift in Sources */ = {isa = PBXBuildFile; fileRef = 332AE4ED2AC351BB002262E7 /* Game.swift */; };
		332AE4F02AC35241002262E7 /* GameStatus.swift in Sources */ = {isa = PBXBuildFile; fileRef = 332AE4EF2AC35241002262E7 /* GameStatus.swift */; };
		332AE4F52AC354BD002262E7 /* Letter.swift in Sources */ = {isa = PBXBuildFile; fileRef = 332AE4F42AC354BD002262E7 /* Letter.swift */; };
		332D97792ABF6FC4007BF09F /* SnowmanApp.swift in Sources */ = {isa = PBXBuildFile; fileRef = 332D97782ABF6FC4007BF09F /* SnowmanApp.swift */; };
		332D977B2ABF6FC4007BF09F /* ContentView.swift in Sources */ = {isa = PBXBuildFile; fileRef = 332D977A2ABF6FC4007BF09F /* ContentView.swift */; };
		332D977D2ABF6FC5007BF09F /* Assets.xcassets in Resources */ = {isa = PBXBuildFile; fileRef = 332D977C2ABF6FC5007BF09F /* Assets.xcassets */; };
		332D97802ABF6FC5007BF09F /* Preview Assets.xcassets in Resources */ = {isa = PBXBuildFile; fileRef = 332D977F2ABF6FC5007BF09F /* Preview Assets.xcassets */; };
		33FAA6ED2AC2016500561F46 /* GameView.swift in Sources */ = {isa = PBXBuildFile; fileRef = 33FAA6EC2AC2016500561F46 /* GameView.swift */; };
		33FAA6EF2AC2017400561F46 /* SidebarView.swift in Sources */ = {isa = PBXBuildFile; fileRef = 33FAA6EE2AC2017400561F46 /* SidebarView.swift */; };
		33FAA72C2AC20A5100561F46 /* LettersView.swift in Sources */ = {isa = PBXBuildFile; fileRef = 33FAA72B2AC20A5100561F46 /* LettersView.swift */; };
		33FAA72E2AC20B1000561F46 /* GuessesView.swift in Sources */ = {isa = PBXBuildFile; fileRef = 33FAA72D2AC20B1000561F46 /* GuessesView.swift */; };
/* End PBXBuildFile section */

/* Begin PBXFileReference section */
		332AE4ED2AC351BB002262E7 /* Game.swift */ = {isa = PBXFileReference; lastKnownFileType = sourcecode.swift; path = Game.swift; sourceTree = "<group>"; };
		332AE4EF2AC35241002262E7 /* GameStatus.swift */ = {isa = PBXFileReference; lastKnownFileType = sourcecode.swift; path = GameStatus.swift; sourceTree = "<group>"; };
		332AE4F42AC354BD002262E7 /* Letter.swift */ = {isa = PBXFileReference; lastKnownFileType = sourcecode.swift; path = Letter.swift; sourceTree = "<group>"; };
		332D97752ABF6FC4007BF09F /* Snowman.app */ = {isa = PBXFileReference; explicitFileType = wrapper.application; includeInIndex = 0; path = Snowman.app; sourceTree = BUILT_PRODUCTS_DIR; };
		332D97782ABF6FC4007BF09F /* SnowmanApp.swift */ = {isa = PBXFileReference; lastKnownFileType = sourcecode.swift; path = SnowmanApp.swift; sourceTree = "<group>"; };
		332D977A2ABF6FC4007BF09F /* ContentView.swift */ = {isa = PBXFileReference; lastKnownFileType = sourcecode.swift; path = ContentView.swift; sourceTree = "<group>"; };
		332D977C2ABF6FC5007BF09F /* Assets.xcassets */ = {isa = PBXFileReference; lastKnownFileType = folder.assetcatalog; path = Assets.xcassets; sourceTree = "<group>"; };
		332D977F2ABF6FC5007BF09F /* Preview Assets.xcassets */ = {isa = PBXFileReference; lastKnownFileType = folder.assetcatalog; path = "Preview Assets.xcassets"; sourceTree = "<group>"; };
		332D97812ABF6FC5007BF09F /* Snowman.entitlements */ = {isa = PBXFileReference; lastKnownFileType = text.plist.entitlements; path = Snowman.entitlements; sourceTree = "<group>"; };
		33FAA6EC2AC2016500561F46 /* GameView.swift */ = {isa = PBXFileReference; lastKnownFileType = sourcecode.swift; path = GameView.swift; sourceTree = "<group>"; };
		33FAA6EE2AC2017400561F46 /* SidebarView.swift */ = {isa = PBXFileReference; lastKnownFileType = sourcecode.swift; path = SidebarView.swift; sourceTree = "<group>"; };
		33FAA72B2AC20A5100561F46 /* LettersView.swift */ = {isa = PBXFileReference; lastKnownFileType = sourcecode.swift; path = LettersView.swift; sourceTree = "<group>"; };
		33FAA72D2AC20B1000561F46 /* GuessesView.swift */ = {isa = PBXFileReference; lastKnownFileType = sourcecode.swift; path = GuessesView.swift; sourceTree = "<group>"; };
/* End PBXFileReference section */

/* Begin PBXFrameworksBuildPhase section */
		332D97722ABF6FC4007BF09F /* Frameworks */ = {
			isa = PBXFrameworksBuildPhase;
			buildActionMask = 2147483647;
			files = (
			);
			runOnlyForDeploymentPostprocessing = 0;
		};
/* End PBXFrameworksBuildPhase section */

/* Begin PBXGroup section */
		332AE4F22AC35318002262E7 /* Models */ = {
			isa = PBXGroup;
			children = (
				332AE4EF2AC35241002262E7 /* GameStatus.swift */,
				332AE4F42AC354BD002262E7 /* Letter.swift */,
				332AE4ED2AC351BB002262E7 /* Game.swift */,
			);
			name = Models;
			path = ..;
			sourceTree = "<group>";
		};
		332D976C2ABF6FC4007BF09F = {
			isa = PBXGroup;
			children = (
				332D97772ABF6FC4007BF09F /* Snowman */,
				332D97762ABF6FC4007BF09F /* Products */,
			);
			sourceTree = "<group>";
		};
		332D97762ABF6FC4007BF09F /* Products */ = {
			isa = PBXGroup;
			children = (
				332D97752ABF6FC4007BF09F /* Snowman.app */,
			);
			name = Products;
			sourceTree = "<group>";
		};
		332D97772ABF6FC4007BF09F /* Snowman */ = {
			isa = PBXGroup;
			children = (
				332AE4F22AC35318002262E7 /* Models */,
				33FAA6EB2AC2014900561F46 /* Views */,
				332D97782ABF6FC4007BF09F /* SnowmanApp.swift */,
				332D977C2ABF6FC5007BF09F /* Assets.xcassets */,
				332D97812ABF6FC5007BF09F /* Snowman.entitlements */,
				332D977E2ABF6FC5007BF09F /* Preview Content */,
			);
			path = Snowman;
			sourceTree = "<group>";
		};
		332D977E2ABF6FC5007BF09F /* Preview Content */ = {
			isa = PBXGroup;
			children = (
				332D977F2ABF6FC5007BF09F /* Preview Assets.xcassets */,
			);
			path = "Preview Content";
			sourceTree = "<group>";
		};
		33FAA6EB2AC2014900561F46 /* Views */ = {
			isa = PBXGroup;
			children = (
				332D977A2ABF6FC4007BF09F /* ContentView.swift */,
				33FAA6EC2AC2016500561F46 /* GameView.swift */,
				33FAA6EE2AC2017400561F46 /* SidebarView.swift */,
				33FAA72B2AC20A5100561F46 /* LettersView.swift */,
				33FAA72D2AC20B1000561F46 /* GuessesView.swift */,
			);
			path = Views;
			sourceTree = "<group>";
		};
/* End PBXGroup section */

/* Begin PBXNativeTarget section */
		332D97742ABF6FC4007BF09F /* Snowman */ = {
			isa = PBXNativeTarget;
			buildConfigurationList = 332D97842ABF6FC5007BF09F /* Build configuration list for PBXNativeTarget "Snowman" */;
			buildPhases = (
				332D97712ABF6FC4007BF09F /* Sources */,
				332D97722ABF6FC4007BF09F /* Frameworks */,
				332D97732ABF6FC4007BF09F /* Resources */,
			);
			buildRules = (
			);
			dependencies = (
			);
			name = Snowman;
			productName = Snowman;
			productReference = 332D97752ABF6FC4007BF09F /* Snowman.app */;
			productType = "com.apple.product-type.application";
		};
/* End PBXNativeTarget section */

/* Begin PBXProject section */
		332D976D2ABF6FC4007BF09F /* Project object */ = {
			isa = PBXProject;
			attributes = {
				BuildIndependentTargetsInParallel = 1;
				LastSwiftUpdateCheck = 1500;
				LastUpgradeCheck = 1500;
				TargetAttributes = {
					332D97742ABF6FC4007BF09F = {
						CreatedOnToolsVersion = 15.0;
					};
				};
			};
			buildConfigurationList = 332D97702ABF6FC4007BF09F /* Build configuration list for PBXProject "Snowman" */;
			compatibilityVersion = "Xcode 14.0";
			developmentRegion = en;
			hasScannedForEncodings = 0;
			knownRegions = (
				en,
				Base,
			);
			mainGroup = 332D976C2ABF6FC4007BF09F;
			productRefGroup = 332D97762ABF6FC4007BF09F /* Products */;
			projectDirPath = "";
			projectRoot = "";
			targets = (
				332D97742ABF6FC4007BF09F /* Snowman */,
			);
		};
/* End PBXProject section */

/* Begin PBXResourcesBuildPhase section */
		332D97732ABF6FC4007BF09F /* Resources */ = {
			isa = PBXResourcesBuildPhase;
			buildActionMask = 2147483647;
			files = (
				332D97802ABF6FC5007BF09F /* Preview Assets.xcassets in Resources */,
				332D977D2ABF6FC5007BF09F /* Assets.xcassets in Resources */,
			);
			runOnlyForDeploymentPostprocessing = 0;
		};
/* End PBXResourcesBuildPhase section */

/* Begin PBXSourcesBuildPhase section */
		332D97712ABF6FC4007BF09F /* Sources */ = {
			isa = PBXSourcesBuildPhase;
			buildActionMask = 2147483647;
			files = (
				33FAA72E2AC20B1000561F46 /* GuessesView.swift in Sources */,
				332AE4F02AC35241002262E7 /* GameStatus.swift in Sources */,
				332D977B2ABF6FC4007BF09F /* ContentView.swift in Sources */,
				332AE4F52AC354BD002262E7 /* Letter.swift in Sources */,
				332AE4EE2AC351BB002262E7 /* Game.swift in Sources */,
				33FAA72C2AC20A5100561F46 /* LettersView.swift in Sources */,
				33FAA6EF2AC2017400561F46 /* SidebarView.swift in Sources */,
				33FAA6ED2AC2016500561F46 /* GameView.swift in Sources */,
				332D97792ABF6FC4007BF09F /* SnowmanApp.swift in Sources */,
			);
			runOnlyForDeploymentPostprocessing = 0;
		};
/* End PBXSourcesBuildPhase section */

/* Begin XCBuildConfiguration section */
		332D97822ABF6FC5007BF09F /* Debug */ = {
			isa = XCBuildConfiguration;
			buildSettings = {
				ALWAYS_SEARCH_USER_PATHS = NO;
				ASSETCATALOG_COMPILER_GENERATE_SWIFT_ASSET_SYMBOL_EXTENSIONS = YES;
				CLANG_ANALYZER_NONNULL = YES;
				CLANG_ANALYZER_NUMBER_OBJECT_CONVERSION = YES_AGGRESSIVE;
				CLANG_CXX_LANGUAGE_STANDARD = "gnu++20";
				CLANG_ENABLE_MODULES = YES;
				CLANG_ENABLE_OBJC_ARC = YES;
				CLANG_ENABLE_OBJC_WEAK = YES;
				CLANG_WARN_BLOCK_CAPTURE_AUTORELEASING = YES;
				CLANG_WARN_BOOL_CONVERSION = YES;
				CLANG_WARN_COMMA = YES;
				CLANG_WARN_CONSTANT_CONVERSION = YES;
				CLANG_WARN_DEPRECATED_OBJC_IMPLEMENTATIONS = YES;
				CLANG_WARN_DIRECT_OBJC_ISA_USAGE = YES_ERROR;
				CLANG_WARN_DOCUMENTATION_COMMENTS = YES;
				CLANG_WARN_EMPTY_BODY = YES;
				CLANG_WARN_ENUM_CONVERSION = YES;
				CLANG_WARN_INFINITE_RECURSION = YES;
				CLANG_WARN_INT_CONVERSION = YES;
				CLANG_WARN_NON_LITERAL_NULL_CONVERSION = YES;
				CLANG_WARN_OBJC_IMPLICIT_RETAIN_SELF = YES;
				CLANG_WARN_OBJC_LITERAL_CONVERSION = YES;
				CLANG_WARN_OBJC_ROOT_CLASS = YES_ERROR;
				CLANG_WARN_QUOTED_INCLUDE_IN_FRAMEWORK_HEADER = YES;
				CLANG_WARN_RANGE_LOOP_ANALYSIS = YES;
				CLANG_WARN_STRICT_PROTOTYPES = YES;
				CLANG_WARN_SUSPICIOUS_MOVE = YES;
				CLANG_WARN_UNGUARDED_AVAILABILITY = YES_AGGRESSIVE;
				CLANG_WARN_UNREACHABLE_CODE = YES;
				CLANG_WARN__DUPLICATE_METHOD_MATCH = YES;
				COPY_PHASE_STRIP = NO;
				DEBUG_INFORMATION_FORMAT = dwarf;
				ENABLE_STRICT_OBJC_MSGSEND = YES;
				ENABLE_TESTABILITY = YES;
				ENABLE_USER_SCRIPT_SANDBOXING = YES;
				GCC_C_LANGUAGE_STANDARD = gnu17;
				GCC_DYNAMIC_NO_PIC = NO;
				GCC_NO_COMMON_BLOCKS = YES;
				GCC_OPTIMIZATION_LEVEL = 0;
				GCC_PREPROCESSOR_DEFINITIONS = (
					"DEBUG=1",
					"$(inherited)",
				);
				GCC_WARN_64_TO_32_BIT_CONVERSION = YES;
				GCC_WARN_ABOUT_RETURN_TYPE = YES_ERROR;
				GCC_WARN_UNDECLARED_SELECTOR = YES;
				GCC_WARN_UNINITIALIZED_AUTOS = YES_AGGRESSIVE;
				GCC_WARN_UNUSED_FUNCTION = YES;
				GCC_WARN_UNUSED_VARIABLE = YES;
				LOCALIZATION_PREFERS_STRING_CATALOGS = YES;
				MACOSX_DEPLOYMENT_TARGET = 13.6;
				MTL_ENABLE_DEBUG_INFO = INCLUDE_SOURCE;
				MTL_FAST_MATH = YES;
				ONLY_ACTIVE_ARCH = YES;
				SDKROOT = macosx;
				SWIFT_ACTIVE_COMPILATION_CONDITIONS = "DEBUG $(inherited)";
				SWIFT_OPTIMIZATION_LEVEL = "-Onone";
			};
			name = Debug;
		};
		332D97832ABF6FC5007BF09F /* Release */ = {
			isa = XCBuildConfiguration;
			buildSettings = {
				ALWAYS_SEARCH_USER_PATHS = NO;
				ASSETCATALOG_COMPILER_GENERATE_SWIFT_ASSET_SYMBOL_EXTENSIONS = YES;
				CLANG_ANALYZER_NONNULL = YES;
				CLANG_ANALYZER_NUMBER_OBJECT_CONVERSION = YES_AGGRESSIVE;
				CLANG_CXX_LANGUAGE_STANDARD = "gnu++20";
				CLANG_ENABLE_MODULES = YES;
				CLANG_ENABLE_OBJC_ARC = YES;
				CLANG_ENABLE_OBJC_WEAK = YES;
				CLANG_WARN_BLOCK_CAPTURE_AUTORELEASING = YES;
				CLANG_WARN_BOOL_CONVERSION = YES;
				CLANG_WARN_COMMA = YES;
				CLANG_WARN_CONSTANT_CONVERSION = YES;
				CLANG_WARN_DEPRECATED_OBJC_IMPLEMENTATIONS = YES;
				CLANG_WARN_DIRECT_OBJC_ISA_USAGE = YES_ERROR;
				CLANG_WARN_DOCUMENTATION_COMMENTS = YES;
				CLANG_WARN_EMPTY_BODY = YES;
				CLANG_WARN_ENUM_CONVERSION = YES;
				CLANG_WARN_INFINITE_RECURSION = YES;
				CLANG_WARN_INT_CONVERSION = YES;
				CLANG_WARN_NON_LITERAL_NULL_CONVERSION = YES;
				CLANG_WARN_OBJC_IMPLICIT_RETAIN_SELF = YES;
				CLANG_WARN_OBJC_LITERAL_CONVERSION = YES;
				CLANG_WARN_OBJC_ROOT_CLASS = YES_ERROR;
				CLANG_WARN_QUOTED_INCLUDE_IN_FRAMEWORK_HEADER = YES;
				CLANG_WARN_RANGE_LOOP_ANALYSIS = YES;
				CLANG_WARN_STRICT_PROTOTYPES = YES;
				CLANG_WARN_SUSPICIOUS_MOVE = YES;
				CLANG_WARN_UNGUARDED_AVAILABILITY = YES_AGGRESSIVE;
				CLANG_WARN_UNREACHABLE_CODE = YES;
				CLANG_WARN__DUPLICATE_METHOD_MATCH = YES;
				COPY_PHASE_STRIP = NO;
				DEBUG_INFORMATION_FORMAT = "dwarf-with-dsym";
				ENABLE_NS_ASSERTIONS = NO;
				ENABLE_STRICT_OBJC_MSGSEND = YES;
				ENABLE_USER_SCRIPT_SANDBOXING = YES;
				GCC_C_LANGUAGE_STANDARD = gnu17;
				GCC_NO_COMMON_BLOCKS = YES;
				GCC_WARN_64_TO_32_BIT_CONVERSION = YES;
				GCC_WARN_ABOUT_RETURN_TYPE = YES_ERROR;
				GCC_WARN_UNDECLARED_SELECTOR = YES;
				GCC_WARN_UNINITIALIZED_AUTOS = YES_AGGRESSIVE;
				GCC_WARN_UNUSED_FUNCTION = YES;
				GCC_WARN_UNUSED_VARIABLE = YES;
				LOCALIZATION_PREFERS_STRING_CATALOGS = YES;
				MACOSX_DEPLOYMENT_TARGET = 13.6;
				MTL_ENABLE_DEBUG_INFO = NO;
				MTL_FAST_MATH = YES;
				SDKROOT = macosx;
				SWIFT_COMPILATION_MODE = wholemodule;
			};
			name = Release;
		};
		332D97852ABF6FC5007BF09F /* Debug */ = {
			isa = XCBuildConfiguration;
			buildSettings = {
				ASSETCATALOG_COMPILER_APPICON_NAME = AppIcon;
				ASSETCATALOG_COMPILER_GLOBAL_ACCENT_COLOR_NAME = AccentColor;
				CODE_SIGN_ENTITLEMENTS = Snowman/Snowman.entitlements;
				CODE_SIGN_STYLE = Automatic;
				COMBINE_HIDPI_IMAGES = YES;
				CURRENT_PROJECT_VERSION = 1;
				DEVELOPMENT_ASSET_PATHS = "\"Snowman/Preview Content\"";
				DEVELOPMENT_TEAM = X8M76C4HP7;
				ENABLE_HARDENED_RUNTIME = YES;
				ENABLE_PREVIEWS = YES;
				GENERATE_INFOPLIST_FILE = YES;
				INFOPLIST_KEY_NSHumanReadableCopyright = "";
				LD_RUNPATH_SEARCH_PATHS = (
					"$(inherited)",
					"@executable_path/../Frameworks",
				);
				MARKETING_VERSION = 1.0;
				PRODUCT_BUNDLE_IDENTIFIER = dev.dpointeck.Snowman;
				PRODUCT_NAME = "$(TARGET_NAME)";
				SWIFT_EMIT_LOC_STRINGS = YES;
				SWIFT_VERSION = 5.0;
			};
			name = Debug;
		};
		332D97862ABF6FC5007BF09F /* Release */ = {
			isa = XCBuildConfiguration;
			buildSettings = {
				ASSETCATALOG_COMPILER_APPICON_NAME = AppIcon;
				ASSETCATALOG_COMPILER_GLOBAL_ACCENT_COLOR_NAME = AccentColor;
				CODE_SIGN_ENTITLEMENTS = Snowman/Snowman.entitlements;
				CODE_SIGN_STYLE = Automatic;
				COMBINE_HIDPI_IMAGES = YES;
				CURRENT_PROJECT_VERSION = 1;
				DEVELOPMENT_ASSET_PATHS = "\"Snowman/Preview Content\"";
				DEVELOPMENT_TEAM = X8M76C4HP7;
				ENABLE_HARDENED_RUNTIME = YES;
				ENABLE_PREVIEWS = YES;
				GENERATE_INFOPLIST_FILE = YES;
				INFOPLIST_KEY_NSHumanReadableCopyright = "";
				LD_RUNPATH_SEARCH_PATHS = (
					"$(inherited)",
					"@executable_path/../Frameworks",
				);
				MARKETING_VERSION = 1.0;
				PRODUCT_BUNDLE_IDENTIFIER = dev.dpointeck.Snowman;
				PRODUCT_NAME = "$(TARGET_NAME)";
				SWIFT_EMIT_LOC_STRINGS = YES;
				SWIFT_VERSION = 5.0;
			};
			name = Release;
		};
/* End XCBuildConfiguration section */

/* Begin XCConfigurationList section */
		332D97702ABF6FC4007BF09F /* Build configuration list for PBXProject "Snowman" */ = {
			isa = XCConfigurationList;
			buildConfigurations = (
				332D97822ABF6FC5007BF09F /* Debug */,
				332D97832ABF6FC5007BF09F /* Release */,
			);
			defaultConfigurationIsVisible = 0;
			defaultConfigurationName = Release;
		};
		332D97842ABF6FC5007BF09F /* Build configuration list for PBXNativeTarget "Snowman" */ = {
			isa = XCConfigurationList;
			buildConfigurations = (
				332D97852ABF6FC5007BF09F /* Debug */,
				332D97862ABF6FC5007BF09F /* Release */,
			);
			defaultConfigurationIsVisible = 0;
			defaultConfigurationName = Release;
		};
/* End XCConfigurationList section */
	};
	rootObject = 332D976D2ABF6FC4007BF09F /* Project object */;
}
